// !$*UTF8*$!
{
	archiveVersion = 1;
	classes = {
	};
	objectVersion = 56;
	objects = {

/* Begin PBXBuildFile section */
		78EB48592A9B8F650005EB2A /* DarkModeApp.swift in Sources */ = {isa = PBXBuildFile; fileRef = 78EB48582A9B8F650005EB2A /* DarkModeApp.swift */; };
		78EB485B2A9B8F650005EB2A /* ContentView.swift in Sources */ = {isa = PBXBuildFile; fileRef = 78EB485A2A9B8F650005EB2A /* ContentView.swift */; };
		78EB485D2A9B8F660005EB2A /* Assets.xcassets in Resources */ = {isa = PBXBuildFile; fileRef = 78EB485C2A9B8F660005EB2A /* Assets.xcassets */; };
		78EB48602A9B8F660005EB2A /* Preview Assets.xcassets in Resources */ = {isa = PBXBuildFile; fileRef = 78EB485F2A9B8F660005EB2A /* Preview Assets.xcassets */; };
		78EB486A2A9B8F660005EB2A /* DarkModeTests.swift in Sources */ = {isa = PBXBuildFile; fileRef = 78EB48692A9B8F660005EB2A /* DarkModeTests.swift */; };
		78EB48742A9B8F660005EB2A /* DarkModeUITests.swift in Sources */ = {isa = PBXBuildFile; fileRef = 78EB48732A9B8F660005EB2A /* DarkModeUITests.swift */; };
		78EB48762A9B8F660005EB2A /* DarkModeUITestsLaunchTests.swift in Sources */ = {isa = PBXBuildFile; fileRef = 78EB48752A9B8F660005EB2A /* DarkModeUITestsLaunchTests.swift */; };
/* End PBXBuildFile section */

/* Begin PBXContainerItemProxy section */
		78EB48662A9B8F660005EB2A /* PBXContainerItemProxy */ = {
			isa = PBXContainerItemProxy;
			containerPortal = 78EB484D2A9B8F650005EB2A /* Project object */;
			proxyType = 1;
			remoteGlobalIDString = 78EB48542A9B8F650005EB2A;
			remoteInfo = DarkMode;
		};
		78EB48702A9B8F660005EB2A /* PBXContainerItemProxy */ = {
			isa = PBXContainerItemProxy;
			containerPortal = 78EB484D2A9B8F650005EB2A /* Project object */;
			proxyType = 1;
			remoteGlobalIDString = 78EB48542A9B8F650005EB2A;
			remoteInfo = DarkMode;
		};
/* End PBXContainerItemProxy section */

/* Begin PBXFileReference section */
		78EB48552A9B8F650005EB2A /* DarkMode.app */ = {isa = PBXFileReference; explicitFileType = wrapper.application; includeInIndex = 0; path = DarkMode.app; sourceTree = BUILT_PRODUCTS_DIR; };
		78EB48582A9B8F650005EB2A /* DarkModeApp.swift */ = {isa = PBXFileReference; lastKnownFileType = sourcecode.swift; path = DarkModeApp.swift; sourceTree = "<group>"; };
		78EB485A2A9B8F650005EB2A /* ContentView.swift */ = {isa = PBXFileReference; lastKnownFileType = sourcecode.swift; path = ContentView.swift; sourceTree = "<group>"; };
		78EB485C2A9B8F660005EB2A /* Assets.xcassets */ = {isa = PBXFileReference; lastKnownFileType = folder.assetcatalog; path = Assets.xcassets; sourceTree = "<group>"; };
		78EB485F2A9B8F660005EB2A /* Preview Assets.xcassets */ = {isa = PBXFileReference; lastKnownFileType = folder.assetcatalog; path = "Preview Assets.xcassets"; sourceTree = "<group>"; };
		78EB48652A9B8F660005EB2A /* DarkModeTests.xctest */ = {isa = PBXFileReference; explicitFileType = wrapper.cfbundle; includeInIndex = 0; path = DarkModeTests.xctest; sourceTree = BUILT_PRODUCTS_DIR; };
		78EB48692A9B8F660005EB2A /* DarkModeTests.swift */ = {isa = PBXFileReference; lastKnownFileType = sourcecode.swift; path = DarkModeTests.swift; sourceTree = "<group>"; };
		78EB486F2A9B8F660005EB2A /* DarkModeUITests.xctest */ = {isa = PBXFileReference; explicitFileType = wrapper.cfbundle; includeInIndex = 0; path = DarkModeUITests.xctest; sourceTree = BUILT_PRODUCTS_DIR; };
		78EB48732A9B8F660005EB2A /* DarkModeUITests.swift */ = {isa = PBXFileReference; lastKnownFileType = sourcecode.swift; path = DarkModeUITests.swift; sourceTree = "<group>"; };
		78EB48752A9B8F660005EB2A /* DarkModeUITestsLaunchTests.swift */ = {isa = PBXFileReference; lastKnownFileType = sourcecode.swift; path = DarkModeUITestsLaunchTests.swift; sourceTree = "<group>"; };
/* End PBXFileReference section */

/* Begin PBXFrameworksBuildPhase section */
		78EB48522A9B8F650005EB2A /* Frameworks */ = {
			isa = PBXFrameworksBuildPhase;
			buildActionMask = 2147483647;
			files = (
			);
			runOnlyForDeploymentPostprocessing = 0;
		};
		78EB48622A9B8F660005EB2A /* Frameworks */ = {
			isa = PBXFrameworksBuildPhase;
			buildActionMask = 2147483647;
			files = (
			);
			runOnlyForDeploymentPostprocessing = 0;
		};
		78EB486C2A9B8F660005EB2A /* Frameworks */ = {
			isa = PBXFrameworksBuildPhase;
			buildActionMask = 2147483647;
			files = (
			);
			runOnlyForDeploymentPostprocessing = 0;
		};
/* End PBXFrameworksBuildPhase section */

/* Begin PBXGroup section */
		78EB484C2A9B8F650005EB2A = {
			isa = PBXGroup;
			children = (
				78EB48572A9B8F650005EB2A /* DarkMode */,
				78EB48682A9B8F660005EB2A /* DarkModeTests */,
				78EB48722A9B8F660005EB2A /* DarkModeUITests */,
				78EB48562A9B8F650005EB2A /* Products */,
			);
			sourceTree = "<group>";
		};
		78EB48562A9B8F650005EB2A /* Products */ = {
			isa = PBXGroup;
			children = (
				78EB48552A9B8F650005EB2A /* DarkMode.app */,
				78EB48652A9B8F660005EB2A /* DarkModeTests.xctest */,
				78EB486F2A9B8F660005EB2A /* DarkModeUITests.xctest */,
			);
			name = Products;
			sourceTree = "<group>";
		};
		78EB48572A9B8F650005EB2A /* DarkMode */ = {
			isa = PBXGroup;
			children = (
				78EB48582A9B8F650005EB2A /* DarkModeApp.swift */,
				78EB485A2A9B8F650005EB2A /* ContentView.swift */,
				78EB485C2A9B8F660005EB2A /* Assets.xcassets */,
				78EB485E2A9B8F660005EB2A /* Preview Content */,
			);
			path = DarkMode;
			sourceTree = "<group>";
		};
		78EB485E2A9B8F660005EB2A /* Preview Content */ = {
			isa = PBXGroup;
			children = (
				78EB485F2A9B8F660005EB2A /* Preview Assets.xcassets */,
			);
			path = "Preview Content";
			sourceTree = "<group>";
		};
		78EB48682A9B8F660005EB2A /* DarkModeTests */ = {
			isa = PBXGroup;
			children = (
				78EB48692A9B8F660005EB2A /* DarkModeTests.swift */,
			);
			path = DarkModeTests;
			sourceTree = "<group>";
		};
		78EB48722A9B8F660005EB2A /* DarkModeUITests */ = {
			isa = PBXGroup;
			children = (
				78EB48732A9B8F660005EB2A /* DarkModeUITests.swift */,
				78EB48752A9B8F660005EB2A /* DarkModeUITestsLaunchTests.swift */,
			);
			path = DarkModeUITests;
			sourceTree = "<group>";
		};
/* End PBXGroup section */

/* Begin PBXNativeTarget section */
		78EB48542A9B8F650005EB2A /* DarkMode */ = {
			isa = PBXNativeTarget;
			buildConfigurationList = 78EB48792A9B8F660005EB2A /* Build configuration list for PBXNativeTarget "DarkMode" */;
			buildPhases = (
				78EB48512A9B8F650005EB2A /* Sources */,
				78EB48522A9B8F650005EB2A /* Frameworks */,
				78EB48532A9B8F650005EB2A /* Resources */,
			);
			buildRules = (
			);
			dependencies = (
			);
			name = DarkMode;
			productName = DarkMode;
			productReference = 78EB48552A9B8F650005EB2A /* DarkMode.app */;
			productType = "com.apple.product-type.application";
		};
		78EB48642A9B8F660005EB2A /* DarkModeTests */ = {
			isa = PBXNativeTarget;
			buildConfigurationList = 78EB487C2A9B8F660005EB2A /* Build configuration list for PBXNativeTarget "DarkModeTests" */;
			buildPhases = (
				78EB48612A9B8F660005EB2A /* Sources */,
				78EB48622A9B8F660005EB2A /* Frameworks */,
				78EB48632A9B8F660005EB2A /* Resources */,
			);
			buildRules = (
			);
			dependencies = (
				78EB48672A9B8F660005EB2A /* PBXTargetDependency */,
			);
			name = DarkModeTests;
			productName = DarkModeTests;
			productReference = 78EB48652A9B8F660005EB2A /* DarkModeTests.xctest */;
			productType = "com.apple.product-type.bundle.unit-test";
		};
		78EB486E2A9B8F660005EB2A /* DarkModeUITests */ = {
			isa = PBXNativeTarget;
			buildConfigurationList = 78EB487F2A9B8F660005EB2A /* Build configuration list for PBXNativeTarget "DarkModeUITests" */;
			buildPhases = (
				78EB486B2A9B8F660005EB2A /* Sources */,
				78EB486C2A9B8F660005EB2A /* Frameworks */,
				78EB486D2A9B8F660005EB2A /* Resources */,
			);
			buildRules = (
			);
			dependencies = (
				78EB48712A9B8F660005EB2A /* PBXTargetDependency */,
			);
			name = DarkModeUITests;
			productName = DarkModeUITests;
			productReference = 78EB486F2A9B8F660005EB2A /* DarkModeUITests.xctest */;
			productType = "com.apple.product-type.bundle.ui-testing";
		};
/* End PBXNativeTarget section */

/* Begin PBXProject section */
		78EB484D2A9B8F650005EB2A /* Project object */ = {
			isa = PBXProject;
			attributes = {
				BuildIndependentTargetsInParallel = 1;
				LastSwiftUpdateCheck = 1430;
				LastUpgradeCheck = 1430;
				TargetAttributes = {
					78EB48542A9B8F650005EB2A = {
						CreatedOnToolsVersion = 14.3.1;
					};
					78EB48642A9B8F660005EB2A = {
						CreatedOnToolsVersion = 14.3.1;
						TestTargetID = 78EB48542A9B8F650005EB2A;
					};
					78EB486E2A9B8F660005EB2A = {
						CreatedOnToolsVersion = 14.3.1;
						TestTargetID = 78EB48542A9B8F650005EB2A;
					};
				};
			};
			buildConfigurationList = 78EB48502A9B8F650005EB2A /* Build configuration list for PBXProject "DarkMode" */;
			compatibilityVersion = "Xcode 14.0";
			developmentRegion = en;
			hasScannedForEncodings = 0;
			knownRegions = (
				en,
				Base,
			);
			mainGroup = 78EB484C2A9B8F650005EB2A;
			productRefGroup = 78EB48562A9B8F650005EB2A /* Products */;
			projectDirPath = "";
			projectRoot = "";
			targets = (
				78EB48542A9B8F650005EB2A /* DarkMode */,
				78EB48642A9B8F660005EB2A /* DarkModeTests */,
				78EB486E2A9B8F660005EB2A /* DarkModeUITests */,
			);
		};
/* End PBXProject section */

/* Begin PBXResourcesBuildPhase section */
		78EB48532A9B8F650005EB2A /* Resources */ = {
			isa = PBXResourcesBuildPhase;
			buildActionMask = 2147483647;
			files = (
				78EB48602A9B8F660005EB2A /* Preview Assets.xcassets in Resources */,
				78EB485D2A9B8F660005EB2A /* Assets.xcassets in Resources */,
			);
			runOnlyForDeploymentPostprocessing = 0;
		};
		78EB48632A9B8F660005EB2A /* Resources */ = {
			isa = PBXResourcesBuildPhase;
			buildActionMask = 2147483647;
			files = (
			);
			runOnlyForDeploymentPostprocessing = 0;
		};
		78EB486D2A9B8F660005EB2A /* Resources */ = {
			isa = PBXResourcesBuildPhase;
			buildActionMask = 2147483647;
			files = (
			);
			runOnlyForDeploymentPostprocessing = 0;
		};
/* End PBXResourcesBuildPhase section */

/* Begin PBXSourcesBuildPhase section */
		78EB48512A9B8F650005EB2A /* Sources */ = {
			isa = PBXSourcesBuildPhase;
			buildActionMask = 2147483647;
			files = (
				78EB485B2A9B8F650005EB2A /* ContentView.swift in Sources */,
				78EB48592A9B8F650005EB2A /* DarkModeApp.swift in Sources */,
			);
			runOnlyForDeploymentPostprocessing = 0;
		};
		78EB48612A9B8F660005EB2A /* Sources */ = {
			isa = PBXSourcesBuildPhase;
			buildActionMask = 2147483647;
			files = (
				78EB486A2A9B8F660005EB2A /* DarkModeTests.swift in Sources */,
			);
			runOnlyForDeploymentPostprocessing = 0;
		};
		78EB486B2A9B8F660005EB2A /* Sources */ = {
			isa = PBXSourcesBuildPhase;
			buildActionMask = 2147483647;
			files = (
				78EB48762A9B8F660005EB2A /* DarkModeUITestsLaunchTests.swift in Sources */,
				78EB48742A9B8F660005EB2A /* DarkModeUITests.swift in Sources */,
			);
			runOnlyForDeploymentPostprocessing = 0;
		};
/* End PBXSourcesBuildPhase section */

/* Begin PBXTargetDependency section */
		78EB48672A9B8F660005EB2A /* PBXTargetDependency */ = {
			isa = PBXTargetDependency;
			target = 78EB48542A9B8F650005EB2A /* DarkMode */;
			targetProxy = 78EB48662A9B8F660005EB2A /* PBXContainerItemProxy */;
		};
		78EB48712A9B8F660005EB2A /* PBXTargetDependency */ = {
			isa = PBXTargetDependency;
			target = 78EB48542A9B8F650005EB2A /* DarkMode */;
			targetProxy = 78EB48702A9B8F660005EB2A /* PBXContainerItemProxy */;
		};
/* End PBXTargetDependency section */

/* Begin XCBuildConfiguration section */
		78EB48772A9B8F660005EB2A /* Debug */ = {
			isa = XCBuildConfiguration;
			buildSettings = {
				ALWAYS_SEARCH_USER_PATHS = NO;
				CLANG_ANALYZER_NONNULL = YES;
				CLANG_ANALYZER_NUMBER_OBJECT_CONVERSION = YES_AGGRESSIVE;
				CLANG_CXX_LANGUAGE_STANDARD = "gnu++20";
				CLANG_ENABLE_MODULES = YES;
				CLANG_ENABLE_OBJC_ARC = YES;
				CLANG_ENABLE_OBJC_WEAK = YES;
				CLANG_WARN_BLOCK_CAPTURE_AUTORELEASING = YES;
				CLANG_WARN_BOOL_CONVERSION = YES;
				CLANG_WARN_COMMA = YES;
				CLANG_WARN_CONSTANT_CONVERSION = YES;
				CLANG_WARN_DEPRECATED_OBJC_IMPLEMENTATIONS = YES;
				CLANG_WARN_DIRECT_OBJC_ISA_USAGE = YES_ERROR;
				CLANG_WARN_DOCUMENTATION_COMMENTS = YES;
				CLANG_WARN_EMPTY_BODY = YES;
				CLANG_WARN_ENUM_CONVERSION = YES;
				CLANG_WARN_INFINITE_RECURSION = YES;
				CLANG_WARN_INT_CONVERSION = YES;
				CLANG_WARN_NON_LITERAL_NULL_CONVERSION = YES;
				CLANG_WARN_OBJC_IMPLICIT_RETAIN_SELF = YES;
				CLANG_WARN_OBJC_LITERAL_CONVERSION = YES;
				CLANG_WARN_OBJC_ROOT_CLASS = YES_ERROR;
				CLANG_WARN_QUOTED_INCLUDE_IN_FRAMEWORK_HEADER = YES;
				CLANG_WARN_RANGE_LOOP_ANALYSIS = YES;
				CLANG_WARN_STRICT_PROTOTYPES = YES;
				CLANG_WARN_SUSPICIOUS_MOVE = YES;
				CLANG_WARN_UNGUARDED_AVAILABILITY = YES_AGGRESSIVE;
				CLANG_WARN_UNREACHABLE_CODE = YES;
				CLANG_WARN__DUPLICATE_METHOD_MATCH = YES;
				COPY_PHASE_STRIP = NO;
				DEBUG_INFORMATION_FORMAT = dwarf;
				ENABLE_STRICT_OBJC_MSGSEND = YES;
				ENABLE_TESTABILITY = YES;
				GCC_C_LANGUAGE_STANDARD = gnu11;
				GCC_DYNAMIC_NO_PIC = NO;
				GCC_NO_COMMON_BLOCKS = YES;
				GCC_OPTIMIZATION_LEVEL = 0;
				GCC_PREPROCESSOR_DEFINITIONS = (
					"DEBUG=1",
					"$(inherited)",
				);
				GCC_WARN_64_TO_32_BIT_CONVERSION = YES;
				GCC_WARN_ABOUT_RETURN_TYPE = YES_ERROR;
				GCC_WARN_UNDECLARED_SELECTOR = YES;
				GCC_WARN_UNINITIALIZED_AUTOS = YES_AGGRESSIVE;
				GCC_WARN_UNUSED_FUNCTION = YES;
				GCC_WARN_UNUSED_VARIABLE = YES;
				IPHONEOS_DEPLOYMENT_TARGET = 16.4;
				MTL_ENABLE_DEBUG_INFO = INCLUDE_SOURCE;
				MTL_FAST_MATH = YES;
				ONLY_ACTIVE_ARCH = YES;
				SDKROOT = iphoneos;
				SWIFT_ACTIVE_COMPILATION_CONDITIONS = DEBUG;
				SWIFT_OPTIMIZATION_LEVEL = "-Onone";
			};
			name = Debug;
		};
		78EB48782A9B8F660005EB2A /* Release */ = {
			isa = XCBuildConfiguration;
			buildSettings = {
				ALWAYS_SEARCH_USER_PATHS = NO;
				CLANG_ANALYZER_NONNULL = YES;
				CLANG_ANALYZER_NUMBER_OBJECT_CONVERSION = YES_AGGRESSIVE;
				CLANG_CXX_LANGUAGE_STANDARD = "gnu++20";
				CLANG_ENABLE_MODULES = YES;
				CLANG_ENABLE_OBJC_ARC = YES;
				CLANG_ENABLE_OBJC_WEAK = YES;
				CLANG_WARN_BLOCK_CAPTURE_AUTORELEASING = YES;
				CLANG_WARN_BOOL_CONVERSION = YES;
				CLANG_WARN_COMMA = YES;
				CLANG_WARN_CONSTANT_CONVERSION = YES;
				CLANG_WARN_DEPRECATED_OBJC_IMPLEMENTATIONS = YES;
				CLANG_WARN_DIRECT_OBJC_ISA_USAGE = YES_ERROR;
				CLANG_WARN_DOCUMENTATION_COMMENTS = YES;
				CLANG_WARN_EMPTY_BODY = YES;
				CLANG_WARN_ENUM_CONVERSION = YES;
				CLANG_WARN_INFINITE_RECURSION = YES;
				CLANG_WARN_INT_CONVERSION = YES;
				CLANG_WARN_NON_LITERAL_NULL_CONVERSION = YES;
				CLANG_WARN_OBJC_IMPLICIT_RETAIN_SELF = YES;
				CLANG_WARN_OBJC_LITERAL_CONVERSION = YES;
				CLANG_WARN_OBJC_ROOT_CLASS = YES_ERROR;
				CLANG_WARN_QUOTED_INCLUDE_IN_FRAMEWORK_HEADER = YES;
				CLANG_WARN_RANGE_LOOP_ANALYSIS = YES;
				CLANG_WARN_STRICT_PROTOTYPES = YES;
				CLANG_WARN_SUSPICIOUS_MOVE = YES;
				CLANG_WARN_UNGUARDED_AVAILABILITY = YES_AGGRESSIVE;
				CLANG_WARN_UNREACHABLE_CODE = YES;
				CLANG_WARN__DUPLICATE_METHOD_MATCH = YES;
				COPY_PHASE_STRIP = NO;
				DEBUG_INFORMATION_FORMAT = "dwarf-with-dsym";
				ENABLE_NS_ASSERTIONS = NO;
				ENABLE_STRICT_OBJC_MSGSEND = YES;
				GCC_C_LANGUAGE_STANDARD = gnu11;
				GCC_NO_COMMON_BLOCKS = YES;
				GCC_WARN_64_TO_32_BIT_CONVERSION = YES;
				GCC_WARN_ABOUT_RETURN_TYPE = YES_ERROR;
				GCC_WARN_UNDECLARED_SELECTOR = YES;
				GCC_WARN_UNINITIALIZED_AUTOS = YES_AGGRESSIVE;
				GCC_WARN_UNUSED_FUNCTION = YES;
				GCC_WARN_UNUSED_VARIABLE = YES;
				IPHONEOS_DEPLOYMENT_TARGET = 16.4;
				MTL_ENABLE_DEBUG_INFO = NO;
				MTL_FAST_MATH = YES;
				SDKROOT = iphoneos;
				SWIFT_COMPILATION_MODE = wholemodule;
				SWIFT_OPTIMIZATION_LEVEL = "-O";
				VALIDATE_PRODUCT = YES;
			};
			name = Release;
		};
		78EB487A2A9B8F660005EB2A /* Debug */ = {
			isa = XCBuildConfiguration;
			buildSettings = {
				ASSETCATALOG_COMPILER_APPICON_NAME = AppIcon;
				ASSETCATALOG_COMPILER_GLOBAL_ACCENT_COLOR_NAME = AccentColor;
				CODE_SIGN_STYLE = Automatic;
				CURRENT_PROJECT_VERSION = 1;
				DEVELOPMENT_ASSET_PATHS = "\"DarkMode/Preview Content\"";
				DEVELOPMENT_TEAM = LERH2UNHBY;
				ENABLE_PREVIEWS = YES;
				GENERATE_INFOPLIST_FILE = YES;
				INFOPLIST_KEY_UIApplicationSceneManifest_Generation = YES;
				INFOPLIST_KEY_UIApplicationSupportsIndirectInputEvents = YES;
				INFOPLIST_KEY_UILaunchScreen_Generation = YES;
				INFOPLIST_KEY_UISupportedInterfaceOrientations_iPad = "UIInterfaceOrientationPortrait UIInterfaceOrientationPortraitUpsideDown UIInterfaceOrientationLandscapeLeft UIInterfaceOrientationLandscapeRight";
				INFOPLIST_KEY_UISupportedInterfaceOrientations_iPhone = "UIInterfaceOrientationPortrait UIInterfaceOrientationLandscapeLeft UIInterfaceOrientationLandscapeRight";
				LD_RUNPATH_SEARCH_PATHS = (
					"$(inherited)",
					"@executable_path/Frameworks",
				);
				MARKETING_VERSION = 1.0;
				PRODUCT_BUNDLE_IDENTIFIER = com.lyndachiwetelu.DarkMode;
				PRODUCT_NAME = "$(TARGET_NAME)";
				SWIFT_EMIT_LOC_STRINGS = YES;
				SWIFT_VERSION = 5.0;
				TARGETED_DEVICE_FAMILY = "1,2";
			};
			name = Debug;
		};
		78EB487B2A9B8F660005EB2A /* Release */ = {
			isa = XCBuildConfiguration;
			buildSettings = {
				ASSETCATALOG_COMPILER_APPICON_NAME = AppIcon;
				ASSETCATALOG_COMPILER_GLOBAL_ACCENT_COLOR_NAME = AccentColor;
				CODE_SIGN_STYLE = Automatic;
				CURRENT_PROJECT_VERSION = 1;
				DEVELOPMENT_ASSET_PATHS = "\"DarkMode/Preview Content\"";
				DEVELOPMENT_TEAM = LERH2UNHBY;
				ENABLE_PREVIEWS = YES;
				GENERATE_INFOPLIST_FILE = YES;
				INFOPLIST_KEY_UIApplicationSceneManifest_Generation = YES;
				INFOPLIST_KEY_UIApplicationSupportsIndirectInputEvents = YES;
				INFOPLIST_KEY_UILaunchScreen_Generation = YES;
				INFOPLIST_KEY_UISupportedInterfaceOrientations_iPad = "UIInterfaceOrientationPortrait UIInterfaceOrientationPortraitUpsideDown UIInterfaceOrientationLandscapeLeft UIInterfaceOrientationLandscapeRight";
				INFOPLIST_KEY_UISupportedInterfaceOrientations_iPhone = "UIInterfaceOrientationPortrait UIInterfaceOrientationLandscapeLeft UIInterfaceOrientationLandscapeRight";
				LD_RUNPATH_SEARCH_PATHS = (
					"$(inherited)",
					"@executable_path/Frameworks",
				);
				MARKETING_VERSION = 1.0;
				PRODUCT_BUNDLE_IDENTIFIER = com.lyndachiwetelu.DarkMode;
				PRODUCT_NAME = "$(TARGET_NAME)";
				SWIFT_EMIT_LOC_STRINGS = YES;
				SWIFT_VERSION = 5.0;
				TARGETED_DEVICE_FAMILY = "1,2";
			};
			name = Release;
		};
		78EB487D2A9B8F660005EB2A /* Debug */ = {
			isa = XCBuildConfiguration;
			buildSettings = {
				ALWAYS_EMBED_SWIFT_STANDARD_LIBRARIES = YES;
				BUNDLE_LOADER = "$(TEST_HOST)";
				CODE_SIGN_STYLE = Automatic;
				CURRENT_PROJECT_VERSION = 1;
				DEVELOPMENT_TEAM = LERH2UNHBY;
				GENERATE_INFOPLIST_FILE = YES;
				IPHONEOS_DEPLOYMENT_TARGET = 16.4;
				MARKETING_VERSION = 1.0;
				PRODUCT_BUNDLE_IDENTIFIER = com.lyndachiwetelu.DarkModeTests;
				PRODUCT_NAME = "$(TARGET_NAME)";
				SWIFT_EMIT_LOC_STRINGS = NO;
				SWIFT_VERSION = 5.0;
				TARGETED_DEVICE_FAMILY = "1,2";
				TEST_HOST = "$(BUILT_PRODUCTS_DIR)/DarkMode.app/$(BUNDLE_EXECUTABLE_FOLDER_PATH)/DarkMode";
			};
			name = Debug;
		};
		78EB487E2A9B8F660005EB2A /* Release */ = {
			isa = XCBuildConfiguration;
			buildSettings = {
				ALWAYS_EMBED_SWIFT_STANDARD_LIBRARIES = YES;
				BUNDLE_LOADER = "$(TEST_HOST)";
				CODE_SIGN_STYLE = Automatic;
				CURRENT_PROJECT_VERSION = 1;
				DEVELOPMENT_TEAM = LERH2UNHBY;
				GENERATE_INFOPLIST_FILE = YES;
				IPHONEOS_DEPLOYMENT_TARGET = 16.4;
				MARKETING_VERSION = 1.0;
				PRODUCT_BUNDLE_IDENTIFIER = com.lyndachiwetelu.DarkModeTests;
				PRODUCT_NAME = "$(TARGET_NAME)";
				SWIFT_EMIT_LOC_STRINGS = NO;
				SWIFT_VERSION = 5.0;
				TARGETED_DEVICE_FAMILY = "1,2";
				TEST_HOST = "$(BUILT_PRODUCTS_DIR)/DarkMode.app/$(BUNDLE_EXECUTABLE_FOLDER_PATH)/DarkMode";
			};
			name = Release;
		};
		78EB48802A9B8F660005EB2A /* Debug */ = {
			isa = XCBuildConfiguration;
			buildSettings = {
				ALWAYS_EMBED_SWIFT_STANDARD_LIBRARIES = YES;
				CODE_SIGN_STYLE = Automatic;
				CURRENT_PROJECT_VERSION = 1;
				DEVELOPMENT_TEAM = LERH2UNHBY;
				GENERATE_INFOPLIST_FILE = YES;
				MARKETING_VERSION = 1.0;
				PRODUCT_BUNDLE_IDENTIFIER = com.lyndachiwetelu.DarkModeUITests;
				PRODUCT_NAME = "$(TARGET_NAME)";
				SWIFT_EMIT_LOC_STRINGS = NO;
				SWIFT_VERSION = 5.0;
				TARGETED_DEVICE_FAMILY = "1,2";
				TEST_TARGET_NAME = DarkMode;
			};
			name = Debug;
		};
		78EB48812A9B8F660005EB2A /* Release */ = {
			isa = XCBuildConfiguration;
			buildSettings = {
				ALWAYS_EMBED_SWIFT_STANDARD_LIBRARIES = YES;
				CODE_SIGN_STYLE = Automatic;
				CURRENT_PROJECT_VERSION = 1;
				DEVELOPMENT_TEAM = LERH2UNHBY;
				GENERATE_INFOPLIST_FILE = YES;
				MARKETING_VERSION = 1.0;
				PRODUCT_BUNDLE_IDENTIFIER = com.lyndachiwetelu.DarkModeUITests;
				PRODUCT_NAME = "$(TARGET_NAME)";
				SWIFT_EMIT_LOC_STRINGS = NO;
				SWIFT_VERSION = 5.0;
				TARGETED_DEVICE_FAMILY = "1,2";
				TEST_TARGET_NAME = DarkMode;
			};
			name = Release;
		};
/* End XCBuildConfiguration section */

/* Begin XCConfigurationList section */
		78EB48502A9B8F650005EB2A /* Build configuration list for PBXProject "DarkMode" */ = {
			isa = XCConfigurationList;
			buildConfigurations = (
				78EB48772A9B8F660005EB2A /* Debug */,
				78EB48782A9B8F660005EB2A /* Release */,
			);
			defaultConfigurationIsVisible = 0;
			defaultConfigurationName = Release;
		};
		78EB48792A9B8F660005EB2A /* Build configuration list for PBXNativeTarget "DarkMode" */ = {
			isa = XCConfigurationList;
			buildConfigurations = (
				78EB487A2A9B8F660005EB2A /* Debug */,
				78EB487B2A9B8F660005EB2A /* Release */,
			);
			defaultConfigurationIsVisible = 0;
			defaultConfigurationName = Release;
		};
		78EB487C2A9B8F660005EB2A /* Build configuration list for PBXNativeTarget "DarkModeTests" */ = {
			isa = XCConfigurationList;
			buildConfigurations = (
				78EB487D2A9B8F660005EB2A /* Debug */,
				78EB487E2A9B8F660005EB2A /* Release */,
			);
			defaultConfigurationIsVisible = 0;
			defaultConfigurationName = Release;
		};
		78EB487F2A9B8F660005EB2A /* Build configuration list for PBXNativeTarget "DarkModeUITests" */ = {
			isa = XCConfigurationList;
			buildConfigurations = (
				78EB48802A9B8F660005EB2A /* Debug */,
				78EB48812A9B8F660005EB2A /* Release */,
			);
			defaultConfigurationIsVisible = 0;
			defaultConfigurationName = Release;
		};
/* End XCConfigurationList section */
	};
	rootObject = 78EB484D2A9B8F650005EB2A /* Project object */;
}
